
Microsoft Visual Studio Solution File, Format Version 12.00
# Visual Studio Version 17
VisualStudioVersion = 17.2.32519.379
MinimumVisualStudioVersion = 10.0.40219.1
Project("{9A19103F-16F7-4668-BE54-9A1E7A4F7556}") = "BiblWeb", "MyProject\BiblWeb.csproj", "{A173FB90-F4DC-4320-A5CE-6DE4ED2E8363}"
EndProject
Global
	GlobalSection(SolutionConfigurationPlatforms) = preSolution
		Debug|Any CPU = Debug|Any CPU
		Release|Any CPU = Release|Any CPU
	EndGlobalSection
	GlobalSection(ProjectConfigurationPlatforms) = postSolution
		{A173FB90-F4DC-4320-A5CE-6DE4ED2E8363}.Debug|Any CPU.ActiveCfg = Debug|Any CPU
		{A173FB90-F4DC-4320-A5CE-6DE4ED2E8363}.Debug|Any CPU.Build.0 = Debug|Any CPU
		{A173FB90-F4DC-4320-A5CE-6DE4ED2E8363}.Release|Any CPU.ActiveCfg = Release|Any CPU
		{A173FB90-F4DC-4320-A5CE-6DE4ED2E8363}.Release|Any CPU.Build.0 = Release|Any CPU
	EndGlobalSection
	GlobalSection(SolutionProperties) = preSolution
		HideSolutionNode = FALSE
	EndGlobalSection
	GlobalSection(ExtensibilityGlobals) = postSolution
		SolutionGuid = {E1D8743B-76A4-4743-B3BB-4389AECBA25B}
	EndGlobalSection
EndGlobal
